// !$*UTF8*$!
{
	archiveVersion = 1;
	classes = {
	};
	objectVersion = 46;
	objects = {

/* Begin PBXBuildFile section */
		030F6F08291A25550025AA44 /* Repo.swift in Sources */ = {isa = PBXBuildFile; fileRef = 030F6F06291A25550025AA44 /* Repo.swift */; };
		030F6F09291A25550025AA44 /* Repository.swift in Sources */ = {isa = PBXBuildFile; fileRef = 030F6F07291A25550025AA44 /* Repository.swift */; };
		030F6F0B291A26680025AA44 /* Resource.swift in Sources */ = {isa = PBXBuildFile; fileRef = 030F6F0A291A26680025AA44 /* Resource.swift */; };
		030F6F0D291A266F0025AA44 /* Method.swift in Sources */ = {isa = PBXBuildFile; fileRef = 030F6F0C291A266F0025AA44 /* Method.swift */; };
		030F6F10291A267C0025AA44 /* Endpoint.swift in Sources */ = {isa = PBXBuildFile; fileRef = 030F6F0E291A267C0025AA44 /* Endpoint.swift */; };
		030F6F11291A267C0025AA44 /* RequestProtocol.swift in Sources */ = {isa = PBXBuildFile; fileRef = 030F6F0F291A267C0025AA44 /* RequestProtocol.swift */; };
		030F6F13291A268A0025AA44 /* WebService.swift in Sources */ = {isa = PBXBuildFile; fileRef = 030F6F12291A268A0025AA44 /* WebService.swift */; };
		0EFA6864BA45F7A4601F765F /* Pods_mvvm_ios.framework in Frameworks */ = {isa = PBXBuildFile; fileRef = 2F638219E7A6EE4AFD08CD46 /* Pods_mvvm_ios.framework */; };
		CE3B9BF01F78DE3300D83FCB /* LICENSE in Resources */ = {isa = PBXBuildFile; fileRef = CE3B9BEF1F78DE3300D83FCB /* LICENSE */; };
		CE4A72951F7F53F5007EE558 /* DataManager.swift in Sources */ = {isa = PBXBuildFile; fileRef = CE4A72901F7F53F5007EE558 /* DataManager.swift */; };
		CE4A72961F7F53F5007EE558 /* GithubAPIClient.swift in Sources */ = {isa = PBXBuildFile; fileRef = CE4A72911F7F53F5007EE558 /* GithubAPIClient.swift */; };
		CE4A72981F7F53F5007EE558 /* RealmHelper.swift in Sources */ = {isa = PBXBuildFile; fileRef = CE4A72931F7F53F5007EE558 /* RealmHelper.swift */; };
		CE4A729C1F7F541D007EE558 /* ReposViewController.swift in Sources */ = {isa = PBXBuildFile; fileRef = CE4A729A1F7F541D007EE558 /* ReposViewController.swift */; };
		CE4A729D1F7F541D007EE558 /* ReposViewModel.swift in Sources */ = {isa = PBXBuildFile; fileRef = CE4A729B1F7F541D007EE558 /* ReposViewModel.swift */; };
		CE4A72A21F7F5C32007EE558 /* MOCK_REPOS.json in Resources */ = {isa = PBXBuildFile; fileRef = CE4A72A11F7F5C32007EE558 /* MOCK_REPOS.json */; };
		CE4A72A61F7F621C007EE558 /* SIMPLE_MOCK_REPO.json in Resources */ = {isa = PBXBuildFile; fileRef = CE4A72A51F7F621C007EE558 /* SIMPLE_MOCK_REPO.json */; };
		CE6F5FF41F74FC6E00784E15 /* TODO in Resources */ = {isa = PBXBuildFile; fileRef = CE6F5FF31F74FC6E00784E15 /* TODO */; };
		CEF9FEA41F72B09400D629AB /* AppDelegate.swift in Sources */ = {isa = PBXBuildFile; fileRef = CEF9FEA31F72B09400D629AB /* AppDelegate.swift */; };
		CEF9FEA91F72B09400D629AB /* Main.storyboard in Resources */ = {isa = PBXBuildFile; fileRef = CEF9FEA71F72B09400D629AB /* Main.storyboard */; };
		CEF9FEAB1F72B09400D629AB /* Assets.xcassets in Resources */ = {isa = PBXBuildFile; fileRef = CEF9FEAA1F72B09400D629AB /* Assets.xcassets */; };
		CEF9FEAE1F72B09400D629AB /* LaunchScreen.storyboard in Resources */ = {isa = PBXBuildFile; fileRef = CEF9FEAC1F72B09400D629AB /* LaunchScreen.storyboard */; };
		CEF9FEB61F72B10E00D629AB /* README.md in Sources */ = {isa = PBXBuildFile; fileRef = CEF9FEB51F72B10E00D629AB /* README.md */; };
		F44B5C9876C7BC6F6BD6171F /* Pods_mvvm_ios_tests.framework in Frameworks */ = {isa = PBXBuildFile; fileRef = 77F07C73D020D8BDF3F40A6B /* Pods_mvvm_ios_tests.framework */; };
/* End PBXBuildFile section */

/* Begin PBXContainerItemProxy section */
		CE4A72871F7F5163007EE558 /* PBXContainerItemProxy */ = {
			isa = PBXContainerItemProxy;
			containerPortal = CEF9FE981F72B09400D629AB /* Project object */;
			proxyType = 1;
			remoteGlobalIDString = CEF9FE9F1F72B09400D629AB;
			remoteInfo = "mvvm-ios";
		};
/* End PBXContainerItemProxy section */

/* Begin PBXFileReference section */
		030F6F06291A25550025AA44 /* Repo.swift */ = {isa = PBXFileReference; fileEncoding = 4; lastKnownFileType = sourcecode.swift; path = Repo.swift; sourceTree = "<group>"; };
		030F6F07291A25550025AA44 /* Repository.swift */ = {isa = PBXFileReference; fileEncoding = 4; lastKnownFileType = sourcecode.swift; path = Repository.swift; sourceTree = "<group>"; };
		030F6F0A291A26680025AA44 /* Resource.swift */ = {isa = PBXFileReference; fileEncoding = 4; lastKnownFileType = sourcecode.swift; path = Resource.swift; sourceTree = "<group>"; };
		030F6F0C291A266F0025AA44 /* Method.swift */ = {isa = PBXFileReference; fileEncoding = 4; lastKnownFileType = sourcecode.swift; path = Method.swift; sourceTree = "<group>"; };
		030F6F0E291A267C0025AA44 /* Endpoint.swift */ = {isa = PBXFileReference; fileEncoding = 4; lastKnownFileType = sourcecode.swift; path = Endpoint.swift; sourceTree = "<group>"; };
		030F6F0F291A267C0025AA44 /* RequestProtocol.swift */ = {isa = PBXFileReference; fileEncoding = 4; lastKnownFileType = sourcecode.swift; path = RequestProtocol.swift; sourceTree = "<group>"; };
		030F6F12291A268A0025AA44 /* WebService.swift */ = {isa = PBXFileReference; fileEncoding = 4; lastKnownFileType = sourcecode.swift; path = WebService.swift; sourceTree = "<group>"; };
		2F638219E7A6EE4AFD08CD46 /* Pods_mvvm_ios.framework */ = {isa = PBXFileReference; explicitFileType = wrapper.framework; includeInIndex = 0; path = Pods_mvvm_ios.framework; sourceTree = BUILT_PRODUCTS_DIR; };
		3B21965FD05CBA2FBCA03DD6 /* Pods-mvvm-ios-tests.debug.xcconfig */ = {isa = PBXFileReference; includeInIndex = 1; lastKnownFileType = text.xcconfig; name = "Pods-mvvm-ios-tests.debug.xcconfig"; path = "Pods/Target Support Files/Pods-mvvm-ios-tests/Pods-mvvm-ios-tests.debug.xcconfig"; sourceTree = "<group>"; };
		77F07C73D020D8BDF3F40A6B /* Pods_mvvm_ios_tests.framework */ = {isa = PBXFileReference; explicitFileType = wrapper.framework; includeInIndex = 0; path = Pods_mvvm_ios_tests.framework; sourceTree = BUILT_PRODUCTS_DIR; };
		AE9C0AA7B57274FDBA07B68B /* Pods-mvvm-ios-tests.release.xcconfig */ = {isa = PBXFileReference; includeInIndex = 1; lastKnownFileType = text.xcconfig; name = "Pods-mvvm-ios-tests.release.xcconfig"; path = "Pods/Target Support Files/Pods-mvvm-ios-tests/Pods-mvvm-ios-tests.release.xcconfig"; sourceTree = "<group>"; };
		CE3B9BEF1F78DE3300D83FCB /* LICENSE */ = {isa = PBXFileReference; fileEncoding = 4; lastKnownFileType = text; path = LICENSE; sourceTree = "<group>"; };
		CE4A72821F7F5163007EE558 /* mvvm-ios-tests.xctest */ = {isa = PBXFileReference; explicitFileType = wrapper.cfbundle; includeInIndex = 0; path = "mvvm-ios-tests.xctest"; sourceTree = BUILT_PRODUCTS_DIR; };
		CE4A72861F7F5163007EE558 /* Info.plist */ = {isa = PBXFileReference; lastKnownFileType = text.plist.xml; path = Info.plist; sourceTree = "<group>"; };
		CE4A72901F7F53F5007EE558 /* DataManager.swift */ = {isa = PBXFileReference; fileEncoding = 4; lastKnownFileType = sourcecode.swift; name = DataManager.swift; path = data/DataManager.swift; sourceTree = "<group>"; };
		CE4A72911F7F53F5007EE558 /* GithubAPIClient.swift */ = {isa = PBXFileReference; fileEncoding = 4; lastKnownFileType = sourcecode.swift; name = GithubAPIClient.swift; path = data/GithubAPIClient.swift; sourceTree = "<group>"; };
		CE4A72931F7F53F5007EE558 /* RealmHelper.swift */ = {isa = PBXFileReference; fileEncoding = 4; lastKnownFileType = sourcecode.swift; name = RealmHelper.swift; path = data/RealmHelper.swift; sourceTree = "<group>"; };
		CE4A729A1F7F541D007EE558 /* ReposViewController.swift */ = {isa = PBXFileReference; fileEncoding = 4; lastKnownFileType = sourcecode.swift; name = ReposViewController.swift; path = ui/ReposViewController.swift; sourceTree = "<group>"; };
		CE4A729B1F7F541D007EE558 /* ReposViewModel.swift */ = {isa = PBXFileReference; fileEncoding = 4; lastKnownFileType = sourcecode.swift; name = ReposViewModel.swift; path = ui/ReposViewModel.swift; sourceTree = "<group>"; };
		CE4A72A11F7F5C32007EE558 /* MOCK_REPOS.json */ = {isa = PBXFileReference; fileEncoding = 4; lastKnownFileType = text.json; name = MOCK_REPOS.json; path = mock/MOCK_REPOS.json; sourceTree = "<group>"; };
		CE4A72A51F7F621C007EE558 /* SIMPLE_MOCK_REPO.json */ = {isa = PBXFileReference; fileEncoding = 4; lastKnownFileType = text.json; name = SIMPLE_MOCK_REPO.json; path = mock/SIMPLE_MOCK_REPO.json; sourceTree = "<group>"; };
		CE6F5FF31F74FC6E00784E15 /* TODO */ = {isa = PBXFileReference; fileEncoding = 4; lastKnownFileType = text; path = TODO; sourceTree = "<group>"; };
		CEF9FEA01F72B09400D629AB /* mvvm-ios.app */ = {isa = PBXFileReference; explicitFileType = wrapper.application; includeInIndex = 0; path = "mvvm-ios.app"; sourceTree = BUILT_PRODUCTS_DIR; };
		CEF9FEA31F72B09400D629AB /* AppDelegate.swift */ = {isa = PBXFileReference; lastKnownFileType = sourcecode.swift; path = AppDelegate.swift; sourceTree = "<group>"; };
		CEF9FEA81F72B09400D629AB /* Base */ = {isa = PBXFileReference; lastKnownFileType = file.storyboard; name = Base; path = Base.lproj/Main.storyboard; sourceTree = "<group>"; };
		CEF9FEAA1F72B09400D629AB /* Assets.xcassets */ = {isa = PBXFileReference; lastKnownFileType = folder.assetcatalog; path = Assets.xcassets; sourceTree = "<group>"; };
		CEF9FEAD1F72B09400D629AB /* Base */ = {isa = PBXFileReference; lastKnownFileType = file.storyboard; name = Base; path = Base.lproj/LaunchScreen.storyboard; sourceTree = "<group>"; };
		CEF9FEAF1F72B09400D629AB /* Info.plist */ = {isa = PBXFileReference; lastKnownFileType = text.plist.xml; path = Info.plist; sourceTree = "<group>"; };
		CEF9FEB51F72B10E00D629AB /* README.md */ = {isa = PBXFileReference; fileEncoding = 4; lastKnownFileType = net.daringfireball.markdown; path = README.md; sourceTree = "<group>"; };
		D122B3539CCD73E606DD7A63 /* Pods-mvvm-ios.debug.xcconfig */ = {isa = PBXFileReference; includeInIndex = 1; lastKnownFileType = text.xcconfig; name = "Pods-mvvm-ios.debug.xcconfig"; path = "Pods/Target Support Files/Pods-mvvm-ios/Pods-mvvm-ios.debug.xcconfig"; sourceTree = "<group>"; };
		F7FC9DB488917E205C4099EA /* Pods-mvvm-ios.release.xcconfig */ = {isa = PBXFileReference; includeInIndex = 1; lastKnownFileType = text.xcconfig; name = "Pods-mvvm-ios.release.xcconfig"; path = "Pods/Target Support Files/Pods-mvvm-ios/Pods-mvvm-ios.release.xcconfig"; sourceTree = "<group>"; };
/* End PBXFileReference section */

/* Begin PBXFrameworksBuildPhase section */
		CE4A727F1F7F5163007EE558 /* Frameworks */ = {
			isa = PBXFrameworksBuildPhase;
			buildActionMask = 2147483647;
			files = (
				F44B5C9876C7BC6F6BD6171F /* Pods_mvvm_ios_tests.framework in Frameworks */,
			);
			runOnlyForDeploymentPostprocessing = 0;
		};
		CEF9FE9D1F72B09400D629AB /* Frameworks */ = {
			isa = PBXFrameworksBuildPhase;
			buildActionMask = 2147483647;
			files = (
				0EFA6864BA45F7A4601F765F /* Pods_mvvm_ios.framework in Frameworks */,
			);
			runOnlyForDeploymentPostprocessing = 0;
		};
/* End PBXFrameworksBuildPhase section */

/* Begin PBXGroup section */
		030F6F03291A23260025AA44 /* Infrastructure */ = {
			isa = PBXGroup;
			children = (
				030F6F04291A23390025AA44 /* Network */,
			);
			name = Infrastructure;
			sourceTree = "<group>";
		};
		030F6F04291A23390025AA44 /* Network */ = {
			isa = PBXGroup;
			children = (
				030F6F0A291A26680025AA44 /* Resource.swift */,
				030F6F12291A268A0025AA44 /* WebService.swift */,
				030F6F0E291A267C0025AA44 /* Endpoint.swift */,
				030F6F0F291A267C0025AA44 /* RequestProtocol.swift */,
				030F6F0C291A266F0025AA44 /* Method.swift */,
			);
			name = Network;
			sourceTree = "<group>";
		};
		030F6F05291A253B0025AA44 /* Models */ = {
			isa = PBXGroup;
			children = (
				030F6F06291A25550025AA44 /* Repo.swift */,
				030F6F07291A25550025AA44 /* Repository.swift */,
			);
			name = Models;
			sourceTree = "<group>";
		};
		B1A41D0AB6E470B8B83C2E4E /* Frameworks */ = {
			isa = PBXGroup;
			children = (
				2F638219E7A6EE4AFD08CD46 /* Pods_mvvm_ios.framework */,
				77F07C73D020D8BDF3F40A6B /* Pods_mvvm_ios_tests.framework */,
			);
			name = Frameworks;
			sourceTree = "<group>";
		};
		CE4A72831F7F5163007EE558 /* mvvm-ios-tests */ = {
			isa = PBXGroup;
			children = (
				CE4A72861F7F5163007EE558 /* Info.plist */,
			);
			path = "mvvm-ios-tests";
			sourceTree = "<group>";
		};
		CE4A72A01F7F5BE1007EE558 /* mock */ = {
			isa = PBXGroup;
			children = (
				CE4A72A11F7F5C32007EE558 /* MOCK_REPOS.json */,
				CE4A72A51F7F621C007EE558 /* SIMPLE_MOCK_REPO.json */,
			);
			name = mock;
			sourceTree = "<group>";
		};
		CEF3129C1F73805700CC7206 /* data */ = {
			isa = PBXGroup;
			children = (
				CE4A72901F7F53F5007EE558 /* DataManager.swift */,
				CE4A72911F7F53F5007EE558 /* GithubAPIClient.swift */,
				CE4A72931F7F53F5007EE558 /* RealmHelper.swift */,
			);
			name = data;
			sourceTree = "<group>";
		};
		CEF3129F1F7380EB00CC7206 /* Scenes */ = {
			isa = PBXGroup;
			children = (
				CE4A729A1F7F541D007EE558 /* ReposViewController.swift */,
				CE4A729B1F7F541D007EE558 /* ReposViewModel.swift */,
				CEF9FEA71F72B09400D629AB /* Main.storyboard */,
			);
			name = Scenes;
			sourceTree = "<group>";
		};
		CEF9FE971F72B09400D629AB = {
			isa = PBXGroup;
			children = (
				CE3B9BEF1F78DE3300D83FCB /* LICENSE */,
				CE6F5FF31F74FC6E00784E15 /* TODO */,
				CEF9FEB51F72B10E00D629AB /* README.md */,
				CE4A72A01F7F5BE1007EE558 /* mock */,
				CEF9FEA21F72B09400D629AB /* mvvm-ios */,
				CE4A72831F7F5163007EE558 /* mvvm-ios-tests */,
				CEF9FEA11F72B09400D629AB /* Products */,
				ED48B48C43E98F32EF213C40 /* Pods */,
				B1A41D0AB6E470B8B83C2E4E /* Frameworks */,
			);
			sourceTree = "<group>";
		};
		CEF9FEA11F72B09400D629AB /* Products */ = {
			isa = PBXGroup;
			children = (
				CEF9FEA01F72B09400D629AB /* mvvm-ios.app */,
				CE4A72821F7F5163007EE558 /* mvvm-ios-tests.xctest */,
			);
			name = Products;
			sourceTree = "<group>";
		};
		CEF9FEA21F72B09400D629AB /* mvvm-ios */ = {
			isa = PBXGroup;
			children = (
				CEF3129F1F7380EB00CC7206 /* Scenes */,
				CEF3129C1F73805700CC7206 /* data */,
				030F6F05291A253B0025AA44 /* Models */,
				030F6F03291A23260025AA44 /* Infrastructure */,
				CEF9FEA31F72B09400D629AB /* AppDelegate.swift */,
				CEF9FEAA1F72B09400D629AB /* Assets.xcassets */,
				CEF9FEAC1F72B09400D629AB /* LaunchScreen.storyboard */,
				CEF9FEAF1F72B09400D629AB /* Info.plist */,
			);
			path = "mvvm-ios";
			sourceTree = "<group>";
		};
		ED48B48C43E98F32EF213C40 /* Pods */ = {
			isa = PBXGroup;
			children = (
				D122B3539CCD73E606DD7A63 /* Pods-mvvm-ios.debug.xcconfig */,
				F7FC9DB488917E205C4099EA /* Pods-mvvm-ios.release.xcconfig */,
				3B21965FD05CBA2FBCA03DD6 /* Pods-mvvm-ios-tests.debug.xcconfig */,
				AE9C0AA7B57274FDBA07B68B /* Pods-mvvm-ios-tests.release.xcconfig */,
			);
			name = Pods;
			sourceTree = "<group>";
		};
/* End PBXGroup section */

/* Begin PBXNativeTarget section */
		CE4A72811F7F5163007EE558 /* mvvm-ios-tests */ = {
			isa = PBXNativeTarget;
			buildConfigurationList = CE4A728B1F7F5163007EE558 /* Build configuration list for PBXNativeTarget "mvvm-ios-tests" */;
			buildPhases = (
				B3B0DA69EA9D1E80D366B13A /* [CP] Check Pods Manifest.lock */,
				CE4A727E1F7F5163007EE558 /* Sources */,
				CE4A727F1F7F5163007EE558 /* Frameworks */,
				CE4A72801F7F5163007EE558 /* Resources */,
				D309DF0561E6841FB64E5DB2 /* [CP] Embed Pods Frameworks */,
			);
			buildRules = (
			);
			dependencies = (
				CE4A72881F7F5163007EE558 /* PBXTargetDependency */,
			);
			name = "mvvm-ios-tests";
			productName = "mvvm-ios-tests";
			productReference = CE4A72821F7F5163007EE558 /* mvvm-ios-tests.xctest */;
			productType = "com.apple.product-type.bundle.unit-test";
		};
		CEF9FE9F1F72B09400D629AB /* mvvm-ios */ = {
			isa = PBXNativeTarget;
			buildConfigurationList = CEF9FEB21F72B09400D629AB /* Build configuration list for PBXNativeTarget "mvvm-ios" */;
			buildPhases = (
				A0CFF5C5C479F12D6822F449 /* [CP] Check Pods Manifest.lock */,
				CEF9FE9C1F72B09400D629AB /* Sources */,
				CEF9FE9D1F72B09400D629AB /* Frameworks */,
				CEF9FE9E1F72B09400D629AB /* Resources */,
				931AAEFE2A5101323B86FFE0 /* [CP] Embed Pods Frameworks */,
			);
			buildRules = (
			);
			dependencies = (
			);
			name = "mvvm-ios";
			productName = "mvvm-ios";
			productReference = CEF9FEA01F72B09400D629AB /* mvvm-ios.app */;
			productType = "com.apple.product-type.application";
		};
/* End PBXNativeTarget section */

/* Begin PBXProject section */
		CEF9FE981F72B09400D629AB /* Project object */ = {
			isa = PBXProject;
			attributes = {
				LastSwiftUpdateCheck = 0830;
				LastUpgradeCheck = 0830;
				ORGANIZATIONNAME = Aromajoin;
				TargetAttributes = {
					CE4A72811F7F5163007EE558 = {
						CreatedOnToolsVersion = 8.3.1;
						ProvisioningStyle = Automatic;
						TestTargetID = CEF9FE9F1F72B09400D629AB;
					};
					CEF9FE9F1F72B09400D629AB = {
						CreatedOnToolsVersion = 8.3.1;
						ProvisioningStyle = Automatic;
					};
				};
			};
			buildConfigurationList = CEF9FE9B1F72B09400D629AB /* Build configuration list for PBXProject "mvvm-ios" */;
			compatibilityVersion = "Xcode 3.2";
			developmentRegion = English;
			hasScannedForEncodings = 0;
			knownRegions = (
				English,
				en,
				Base,
			);
			mainGroup = CEF9FE971F72B09400D629AB;
			productRefGroup = CEF9FEA11F72B09400D629AB /* Products */;
			projectDirPath = "";
			projectRoot = "";
			targets = (
				CEF9FE9F1F72B09400D629AB /* mvvm-ios */,
				CE4A72811F7F5163007EE558 /* mvvm-ios-tests */,
			);
		};
/* End PBXProject section */

/* Begin PBXResourcesBuildPhase section */
		CE4A72801F7F5163007EE558 /* Resources */ = {
			isa = PBXResourcesBuildPhase;
			buildActionMask = 2147483647;
			files = (
				CE4A72A21F7F5C32007EE558 /* MOCK_REPOS.json in Resources */,
				CE4A72A61F7F621C007EE558 /* SIMPLE_MOCK_REPO.json in Resources */,
			);
			runOnlyForDeploymentPostprocessing = 0;
		};
		CEF9FE9E1F72B09400D629AB /* Resources */ = {
			isa = PBXResourcesBuildPhase;
			buildActionMask = 2147483647;
			files = (
				CEF9FEAE1F72B09400D629AB /* LaunchScreen.storyboard in Resources */,
				CEF9FEAB1F72B09400D629AB /* Assets.xcassets in Resources */,
				CE6F5FF41F74FC6E00784E15 /* TODO in Resources */,
				CEF9FEA91F72B09400D629AB /* Main.storyboard in Resources */,
				CE3B9BF01F78DE3300D83FCB /* LICENSE in Resources */,
			);
			runOnlyForDeploymentPostprocessing = 0;
		};
/* End PBXResourcesBuildPhase section */

/* Begin PBXShellScriptBuildPhase section */
		931AAEFE2A5101323B86FFE0 /* [CP] Embed Pods Frameworks */ = {
			isa = PBXShellScriptBuildPhase;
			buildActionMask = 2147483647;
			files = (
			);
			inputPaths = (
				"${PODS_ROOT}/Target Support Files/Pods-mvvm-ios/Pods-mvvm-ios-frameworks.sh",
				"${BUILT_PRODUCTS_DIR}/Realm/Realm.framework",
				"${BUILT_PRODUCTS_DIR}/RealmSwift/RealmSwift.framework",
				"${BUILT_PRODUCTS_DIR}/RxCocoa/RxCocoa.framework",
				"${BUILT_PRODUCTS_DIR}/RxRelay/RxRelay.framework",
				"${BUILT_PRODUCTS_DIR}/RxSwift/RxSwift.framework",
			);
			name = "[CP] Embed Pods Frameworks";
			outputPaths = (
				"${TARGET_BUILD_DIR}/${FRAMEWORKS_FOLDER_PATH}/Realm.framework",
				"${TARGET_BUILD_DIR}/${FRAMEWORKS_FOLDER_PATH}/RealmSwift.framework",
				"${TARGET_BUILD_DIR}/${FRAMEWORKS_FOLDER_PATH}/RxCocoa.framework",
				"${TARGET_BUILD_DIR}/${FRAMEWORKS_FOLDER_PATH}/RxRelay.framework",
				"${TARGET_BUILD_DIR}/${FRAMEWORKS_FOLDER_PATH}/RxSwift.framework",
			);
			runOnlyForDeploymentPostprocessing = 0;
			shellPath = /bin/sh;
			shellScript = "\"${PODS_ROOT}/Target Support Files/Pods-mvvm-ios/Pods-mvvm-ios-frameworks.sh\"\n";
			showEnvVarsInLog = 0;
		};
		A0CFF5C5C479F12D6822F449 /* [CP] Check Pods Manifest.lock */ = {
			isa = PBXShellScriptBuildPhase;
			buildActionMask = 2147483647;
			files = (
			);
			inputPaths = (
				"${PODS_PODFILE_DIR_PATH}/Podfile.lock",
				"${PODS_ROOT}/Manifest.lock",
			);
			name = "[CP] Check Pods Manifest.lock";
			outputPaths = (
				"$(DERIVED_FILE_DIR)/Pods-mvvm-ios-checkManifestLockResult.txt",
			);
			runOnlyForDeploymentPostprocessing = 0;
			shellPath = /bin/sh;
			shellScript = "diff \"${PODS_PODFILE_DIR_PATH}/Podfile.lock\" \"${PODS_ROOT}/Manifest.lock\" > /dev/null\nif [ $? != 0 ] ; then\n    # print error to STDERR\n    echo \"error: The sandbox is not in sync with the Podfile.lock. Run 'pod install' or update your CocoaPods installation.\" >&2\n    exit 1\nfi\n# This output is used by Xcode 'outputs' to avoid re-running this script phase.\necho \"SUCCESS\" > \"${SCRIPT_OUTPUT_FILE_0}\"\n";
			showEnvVarsInLog = 0;
		};
		B3B0DA69EA9D1E80D366B13A /* [CP] Check Pods Manifest.lock */ = {
			isa = PBXShellScriptBuildPhase;
			buildActionMask = 2147483647;
			files = (
			);
			inputPaths = (
				"${PODS_PODFILE_DIR_PATH}/Podfile.lock",
				"${PODS_ROOT}/Manifest.lock",
			);
			name = "[CP] Check Pods Manifest.lock";
			outputPaths = (
				"$(DERIVED_FILE_DIR)/Pods-mvvm-ios-tests-checkManifestLockResult.txt",
			);
			runOnlyForDeploymentPostprocessing = 0;
			shellPath = /bin/sh;
			shellScript = "diff \"${PODS_PODFILE_DIR_PATH}/Podfile.lock\" \"${PODS_ROOT}/Manifest.lock\" > /dev/null\nif [ $? != 0 ] ; then\n    # print error to STDERR\n    echo \"error: The sandbox is not in sync with the Podfile.lock. Run 'pod install' or update your CocoaPods installation.\" >&2\n    exit 1\nfi\n# This output is used by Xcode 'outputs' to avoid re-running this script phase.\necho \"SUCCESS\" > \"${SCRIPT_OUTPUT_FILE_0}\"\n";
			showEnvVarsInLog = 0;
		};
		D309DF0561E6841FB64E5DB2 /* [CP] Embed Pods Frameworks */ = {
			isa = PBXShellScriptBuildPhase;
			buildActionMask = 2147483647;
			files = (
			);
			inputPaths = (
				"${PODS_ROOT}/Target Support Files/Pods-mvvm-ios-tests/Pods-mvvm-ios-tests-frameworks.sh",
				"${BUILT_PRODUCTS_DIR}/Realm/Realm.framework",
				"${BUILT_PRODUCTS_DIR}/RealmSwift/RealmSwift.framework",
				"${BUILT_PRODUCTS_DIR}/RxCocoa/RxCocoa.framework",
				"${BUILT_PRODUCTS_DIR}/RxRelay/RxRelay.framework",
				"${BUILT_PRODUCTS_DIR}/RxSwift/RxSwift.framework",
			);
			name = "[CP] Embed Pods Frameworks";
			outputPaths = (
				"${TARGET_BUILD_DIR}/${FRAMEWORKS_FOLDER_PATH}/Realm.framework",
				"${TARGET_BUILD_DIR}/${FRAMEWORKS_FOLDER_PATH}/RealmSwift.framework",
				"${TARGET_BUILD_DIR}/${FRAMEWORKS_FOLDER_PATH}/RxCocoa.framework",
				"${TARGET_BUILD_DIR}/${FRAMEWORKS_FOLDER_PATH}/RxRelay.framework",
				"${TARGET_BUILD_DIR}/${FRAMEWORKS_FOLDER_PATH}/RxSwift.framework",
			);
			runOnlyForDeploymentPostprocessing = 0;
			shellPath = /bin/sh;
			shellScript = "\"${PODS_ROOT}/Target Support Files/Pods-mvvm-ios-tests/Pods-mvvm-ios-tests-frameworks.sh\"\n";
			showEnvVarsInLog = 0;
		};
/* End PBXShellScriptBuildPhase section */

/* Begin PBXSourcesBuildPhase section */
		CE4A727E1F7F5163007EE558 /* Sources */ = {
			isa = PBXSourcesBuildPhase;
			buildActionMask = 2147483647;
			files = (
			);
			runOnlyForDeploymentPostprocessing = 0;
		};
		CEF9FE9C1F72B09400D629AB /* Sources */ = {
			isa = PBXSourcesBuildPhase;
			buildActionMask = 2147483647;
			files = (
				CE4A72961F7F53F5007EE558 /* GithubAPIClient.swift in Sources */,
				CE4A72981F7F53F5007EE558 /* RealmHelper.swift in Sources */,
				030F6F10291A267C0025AA44 /* Endpoint.swift in Sources */,
				030F6F0B291A26680025AA44 /* Resource.swift in Sources */,
				CE4A729C1F7F541D007EE558 /* ReposViewController.swift in Sources */,
				030F6F09291A25550025AA44 /* Repository.swift in Sources */,
				CE4A729D1F7F541D007EE558 /* ReposViewModel.swift in Sources */,
				030F6F13291A268A0025AA44 /* WebService.swift in Sources */,
				CEF9FEB61F72B10E00D629AB /* README.md in Sources */,
				030F6F0D291A266F0025AA44 /* Method.swift in Sources */,
				030F6F08291A25550025AA44 /* Repo.swift in Sources */,
				CE4A72951F7F53F5007EE558 /* DataManager.swift in Sources */,
				CEF9FEA41F72B09400D629AB /* AppDelegate.swift in Sources */,
				030F6F11291A267C0025AA44 /* RequestProtocol.swift in Sources */,
			);
			runOnlyForDeploymentPostprocessing = 0;
		};
/* End PBXSourcesBuildPhase section */

/* Begin PBXTargetDependency section */
		CE4A72881F7F5163007EE558 /* PBXTargetDependency */ = {
			isa = PBXTargetDependency;
			target = CEF9FE9F1F72B09400D629AB /* mvvm-ios */;
			targetProxy = CE4A72871F7F5163007EE558 /* PBXContainerItemProxy */;
		};
/* End PBXTargetDependency section */

/* Begin PBXVariantGroup section */
		CEF9FEA71F72B09400D629AB /* Main.storyboard */ = {
			isa = PBXVariantGroup;
			children = (
				CEF9FEA81F72B09400D629AB /* Base */,
			);
			name = Main.storyboard;
			sourceTree = "<group>";
		};
		CEF9FEAC1F72B09400D629AB /* LaunchScreen.storyboard */ = {
			isa = PBXVariantGroup;
			children = (
				CEF9FEAD1F72B09400D629AB /* Base */,
			);
			name = LaunchScreen.storyboard;
			sourceTree = "<group>";
		};
/* End PBXVariantGroup section */

/* Begin XCBuildConfiguration section */
		CE4A72891F7F5163007EE558 /* Debug */ = {
			isa = XCBuildConfiguration;
			baseConfigurationReference = 3B21965FD05CBA2FBCA03DD6 /* Pods-mvvm-ios-tests.debug.xcconfig */;
			buildSettings = {
				BUNDLE_LOADER = "$(TEST_HOST)";
				DEVELOPMENT_TEAM = "";
				INFOPLIST_FILE = "mvvm-ios-tests/Info.plist";
				IPHONEOS_DEPLOYMENT_TARGET = 13.0;
				LD_RUNPATH_SEARCH_PATHS = "$(inherited) @executable_path/Frameworks @loader_path/Frameworks";
				PRODUCT_BUNDLE_IDENTIFIER = "com.quangnguyen.mvvm-ios-tests";
				PRODUCT_NAME = "$(TARGET_NAME)";
				SWIFT_VERSION = 5.0;
				TEST_HOST = "$(BUILT_PRODUCTS_DIR)/mvvm-ios.app/mvvm-ios";
			};
			name = Debug;
		};
		CE4A728A1F7F5163007EE558 /* Release */ = {
			isa = XCBuildConfiguration;
			baseConfigurationReference = AE9C0AA7B57274FDBA07B68B /* Pods-mvvm-ios-tests.release.xcconfig */;
			buildSettings = {
				BUNDLE_LOADER = "$(TEST_HOST)";
				DEVELOPMENT_TEAM = "";
				INFOPLIST_FILE = "mvvm-ios-tests/Info.plist";
				IPHONEOS_DEPLOYMENT_TARGET = 13.0;
				LD_RUNPATH_SEARCH_PATHS = "$(inherited) @executable_path/Frameworks @loader_path/Frameworks";
				PRODUCT_BUNDLE_IDENTIFIER = "com.quangnguyen.mvvm-ios-tests";
				PRODUCT_NAME = "$(TARGET_NAME)";
				SWIFT_VERSION = 5.0;
				TEST_HOST = "$(BUILT_PRODUCTS_DIR)/mvvm-ios.app/mvvm-ios";
			};
			name = Release;
		};
		CEF9FEB01F72B09400D629AB /* Debug */ = {
			isa = XCBuildConfiguration;
			buildSettings = {
				ALWAYS_SEARCH_USER_PATHS = NO;
				CLANG_ANALYZER_NONNULL = YES;
				CLANG_ANALYZER_NUMBER_OBJECT_CONVERSION = YES_AGGRESSIVE;
				CLANG_CXX_LANGUAGE_STANDARD = "gnu++0x";
				CLANG_CXX_LIBRARY = "libc++";
				CLANG_ENABLE_MODULES = YES;
				CLANG_ENABLE_OBJC_ARC = YES;
				CLANG_WARN_BOOL_CONVERSION = YES;
				CLANG_WARN_CONSTANT_CONVERSION = YES;
				CLANG_WARN_DIRECT_OBJC_ISA_USAGE = YES_ERROR;
				CLANG_WARN_DOCUMENTATION_COMMENTS = YES;
				CLANG_WARN_EMPTY_BODY = YES;
				CLANG_WARN_ENUM_CONVERSION = YES;
				CLANG_WARN_INFINITE_RECURSION = YES;
				CLANG_WARN_INT_CONVERSION = YES;
				CLANG_WARN_OBJC_ROOT_CLASS = YES_ERROR;
				CLANG_WARN_SUSPICIOUS_MOVE = YES;
				CLANG_WARN_UNREACHABLE_CODE = YES;
				CLANG_WARN__DUPLICATE_METHOD_MATCH = YES;
				"CODE_SIGN_IDENTITY[sdk=iphoneos*]" = "iPhone Developer";
				COPY_PHASE_STRIP = NO;
				DEBUG_INFORMATION_FORMAT = dwarf;
				ENABLE_STRICT_OBJC_MSGSEND = YES;
				ENABLE_TESTABILITY = YES;
				GCC_C_LANGUAGE_STANDARD = gnu99;
				GCC_DYNAMIC_NO_PIC = NO;
				GCC_NO_COMMON_BLOCKS = YES;
				GCC_OPTIMIZATION_LEVEL = 0;
				GCC_PREPROCESSOR_DEFINITIONS = (
					"DEBUG=1",
					"$(inherited)",
				);
				GCC_WARN_64_TO_32_BIT_CONVERSION = YES;
				GCC_WARN_ABOUT_RETURN_TYPE = YES_ERROR;
				GCC_WARN_UNDECLARED_SELECTOR = YES;
				GCC_WARN_UNINITIALIZED_AUTOS = YES_AGGRESSIVE;
				GCC_WARN_UNUSED_FUNCTION = YES;
				GCC_WARN_UNUSED_VARIABLE = YES;
				IPHONEOS_DEPLOYMENT_TARGET = 8.1;
				MTL_ENABLE_DEBUG_INFO = YES;
				ONLY_ACTIVE_ARCH = YES;
				SDKROOT = iphoneos;
				SWIFT_ACTIVE_COMPILATION_CONDITIONS = DEBUG;
				SWIFT_OPTIMIZATION_LEVEL = "-Onone";
				SWIFT_VERSION = "";
				TARGETED_DEVICE_FAMILY = "1,2";
			};
			name = Debug;
		};
		CEF9FEB11F72B09400D629AB /* Release */ = {
			isa = XCBuildConfiguration;
			buildSettings = {
				ALWAYS_SEARCH_USER_PATHS = NO;
				CLANG_ANALYZER_NONNULL = YES;
				CLANG_ANALYZER_NUMBER_OBJECT_CONVERSION = YES_AGGRESSIVE;
				CLANG_CXX_LANGUAGE_STANDARD = "gnu++0x";
				CLANG_CXX_LIBRARY = "libc++";
				CLANG_ENABLE_MODULES = YES;
				CLANG_ENABLE_OBJC_ARC = YES;
				CLANG_WARN_BOOL_CONVERSION = YES;
				CLANG_WARN_CONSTANT_CONVERSION = YES;
				CLANG_WARN_DIRECT_OBJC_ISA_USAGE = YES_ERROR;
				CLANG_WARN_DOCUMENTATION_COMMENTS = YES;
				CLANG_WARN_EMPTY_BODY = YES;
				CLANG_WARN_ENUM_CONVERSION = YES;
				CLANG_WARN_INFINITE_RECURSION = YES;
				CLANG_WARN_INT_CONVERSION = YES;
				CLANG_WARN_OBJC_ROOT_CLASS = YES_ERROR;
				CLANG_WARN_SUSPICIOUS_MOVE = YES;
				CLANG_WARN_UNREACHABLE_CODE = YES;
				CLANG_WARN__DUPLICATE_METHOD_MATCH = YES;
				"CODE_SIGN_IDENTITY[sdk=iphoneos*]" = "iPhone Developer";
				COPY_PHASE_STRIP = NO;
				DEBUG_INFORMATION_FORMAT = "dwarf-with-dsym";
				ENABLE_NS_ASSERTIONS = NO;
				ENABLE_STRICT_OBJC_MSGSEND = YES;
				GCC_C_LANGUAGE_STANDARD = gnu99;
				GCC_NO_COMMON_BLOCKS = YES;
				GCC_WARN_64_TO_32_BIT_CONVERSION = YES;
				GCC_WARN_ABOUT_RETURN_TYPE = YES_ERROR;
				GCC_WARN_UNDECLARED_SELECTOR = YES;
				GCC_WARN_UNINITIALIZED_AUTOS = YES_AGGRESSIVE;
				GCC_WARN_UNUSED_FUNCTION = YES;
				GCC_WARN_UNUSED_VARIABLE = YES;
				IPHONEOS_DEPLOYMENT_TARGET = 8.1;
				MTL_ENABLE_DEBUG_INFO = NO;
				SDKROOT = iphoneos;
				SWIFT_OPTIMIZATION_LEVEL = "-Owholemodule";
				SWIFT_VERSION = "";
				TARGETED_DEVICE_FAMILY = "1,2";
				VALIDATE_PRODUCT = YES;
			};
			name = Release;
		};
		CEF9FEB31F72B09400D629AB /* Debug */ = {
			isa = XCBuildConfiguration;
			baseConfigurationReference = D122B3539CCD73E606DD7A63 /* Pods-mvvm-ios.debug.xcconfig */;
			buildSettings = {
				ASSETCATALOG_COMPILER_APPICON_NAME = AppIcon;
				DEVELOPMENT_TEAM = "";
				INFOPLIST_FILE = "mvvm-ios/Info.plist";
				IPHONEOS_DEPLOYMENT_TARGET = 13.0;
				LD_RUNPATH_SEARCH_PATHS = "$(inherited) @executable_path/Frameworks";
				PRODUCT_BUNDLE_IDENTIFIER = "com.aromajoin.mvv-ios";
				PRODUCT_NAME = "$(TARGET_NAME)";
				SWIFT_VERSION = 5.0;
			};
			name = Debug;
		};
		CEF9FEB41F72B09400D629AB /* Release */ = {
			isa = XCBuildConfiguration;
			baseConfigurationReference = F7FC9DB488917E205C4099EA /* Pods-mvvm-ios.release.xcconfig */;
			buildSettings = {
				ASSETCATALOG_COMPILER_APPICON_NAME = AppIcon;
				DEVELOPMENT_TEAM = "";
				INFOPLIST_FILE = "mvvm-ios/Info.plist";
				IPHONEOS_DEPLOYMENT_TARGET = 13.0;
				LD_RUNPATH_SEARCH_PATHS = "$(inherited) @executable_path/Frameworks";
				PRODUCT_BUNDLE_IDENTIFIER = "com.aromajoin.mvvm-ios";
				PRODUCT_NAME = "$(TARGET_NAME)";
				SWIFT_VERSION = 5.0;
			};
			name = Release;
		};
/* End XCBuildConfiguration section */

/* Begin XCConfigurationList section */
		CE4A728B1F7F5163007EE558 /* Build configuration list for PBXNativeTarget "mvvm-ios-tests" */ = {
			isa = XCConfigurationList;
			buildConfigurations = (
				CE4A72891F7F5163007EE558 /* Debug */,
				CE4A728A1F7F5163007EE558 /* Release */,
			);
			defaultConfigurationIsVisible = 0;
			defaultConfigurationName = Release;
		};
		CEF9FE9B1F72B09400D629AB /* Build configuration list for PBXProject "mvvm-ios" */ = {
			isa = XCConfigurationList;
			buildConfigurations = (
				CEF9FEB01F72B09400D629AB /* Debug */,
				CEF9FEB11F72B09400D629AB /* Release */,
			);
			defaultConfigurationIsVisible = 0;
			defaultConfigurationName = Release;
		};
		CEF9FEB21F72B09400D629AB /* Build configuration list for PBXNativeTarget "mvvm-ios" */ = {
			isa = XCConfigurationList;
			buildConfigurations = (
				CEF9FEB31F72B09400D629AB /* Debug */,
				CEF9FEB41F72B09400D629AB /* Release */,
			);
			defaultConfigurationIsVisible = 0;
			defaultConfigurationName = Release;
		};
/* End XCConfigurationList section */
	};
	rootObject = CEF9FE981F72B09400D629AB /* Project object */;
}
